
Microsoft Visual Studio Solution File, Format Version 12.00
# Visual Studio Version 17
VisualStudioVersion = 17.9.34728.123
MinimumVisualStudioVersion = 10.0.40219.1
Project("{6EC3EE1D-3C4E-46DD-8F32-0CC8E7565705}") = "Aufgabe_1", "01_Einfuerung\Aufgabe_1.fsproj", "{603EAA89-EB21-487F-AEC2-F3C2368BEC6C}"
EndProject
Project("{F2A71F9B-5D33-465A-A702-920D77279786}") = "Aufgabe_2", "Aufgabe_2\Aufgabe_2.fsproj", "{FFEB7C60-18F5-4AC8-BBBA-E98A4952D180}"
EndProject
Project("{F2A71F9B-5D33-465A-A702-920D77279786}") = "Aufgabe_3", "Aufgabe_3\Aufgabe_3.fsproj", "{F5B68165-6D3B-49F5-A931-DFCAC7309A6C}"
EndProject
Project("{F2A71F9B-5D33-465A-A702-920D77279786}") = "Anforderungen_1", "Anforderungen_1\Anforderungen_1.fsproj", "{4F6F8FA0-6D93-4306-B21F-BFB3D54E328E}"
EndProject
Global
	GlobalSection(SolutionConfigurationPlatforms) = preSolution
		Debug|Any CPU = Debug|Any CPU
		Release|Any CPU = Release|Any CPU
	EndGlobalSection
	GlobalSection(ProjectConfigurationPlatforms) = postSolution
		{603EAA89-EB21-487F-AEC2-F3C2368BEC6C}.Debug|Any CPU.ActiveCfg = Debug|Any CPU
		{603EAA89-EB21-487F-AEC2-F3C2368BEC6C}.Debug|Any CPU.Build.0 = Debug|Any CPU
		{603EAA89-EB21-487F-AEC2-F3C2368BEC6C}.Release|Any CPU.ActiveCfg = Release|Any CPU
		{603EAA89-EB21-487F-AEC2-F3C2368BEC6C}.Release|Any CPU.Build.0 = Release|Any CPU
		{FFEB7C60-18F5-4AC8-BBBA-E98A4952D180}.Debug|Any CPU.ActiveCfg = Debug|Any CPU
		{FFEB7C60-18F5-4AC8-BBBA-E98A4952D180}.Debug|Any CPU.Build.0 = Debug|Any CPU
		{FFEB7C60-18F5-4AC8-BBBA-E98A4952D180}.Release|Any CPU.ActiveCfg = Release|Any CPU
		{FFEB7C60-18F5-4AC8-BBBA-E98A4952D180}.Release|Any CPU.Build.0 = Release|Any CPU
		{F5B68165-6D3B-49F5-A931-DFCAC7309A6C}.Debug|Any CPU.ActiveCfg = Debug|Any CPU
		{F5B68165-6D3B-49F5-A931-DFCAC7309A6C}.Debug|Any CPU.Build.0 = Debug|Any CPU
		{F5B68165-6D3B-49F5-A931-DFCAC7309A6C}.Release|Any CPU.ActiveCfg = Release|Any CPU
		{F5B68165-6D3B-49F5-A931-DFCAC7309A6C}.Release|Any CPU.Build.0 = Release|Any CPU
		{4F6F8FA0-6D93-4306-B21F-BFB3D54E328E}.Debug|Any CPU.ActiveCfg = Debug|Any CPU
		{4F6F8FA0-6D93-4306-B21F-BFB3D54E328E}.Debug|Any CPU.Build.0 = Debug|Any CPU
		{4F6F8FA0-6D93-4306-B21F-BFB3D54E328E}.Release|Any CPU.ActiveCfg = Release|Any CPU
		{4F6F8FA0-6D93-4306-B21F-BFB3D54E328E}.Release|Any CPU.Build.0 = Release|Any CPU
	EndGlobalSection
	GlobalSection(SolutionProperties) = preSolution
		HideSolutionNode = FALSE
	EndGlobalSection
	GlobalSection(ExtensibilityGlobals) = postSolution
		SolutionGuid = {54295501-E4B7-413F-BE3F-5E64EAFDDEAC}
	EndGlobalSection
EndGlobal
